
Microsoft Visual Studio Solution File, Format Version 12.00
# Visual Studio Version 16
VisualStudioVersion = 16.0.32929.386
MinimumVisualStudioVersion = 10.0.40219.1
Project("{9A19103F-16F7-4668-BE54-9A1E7A4F7556}") = "ClienteJiraBlazor", "ClienteJiraBlazor.csproj", "{D415A473-7674-43AD-9B38-DC70F7F92714}"
EndProject
Project("{9A19103F-16F7-4668-BE54-9A1E7A4F7556}") = "Negocio", "..\Negocio\Negocio.csproj", "{C3155F44-804B-4826-B142-585379CC4D07}"
EndProject
Project("{9A19103F-16F7-4668-BE54-9A1E7A4F7556}") = "ClienteJiraAPI", "..\ClienteJiraAPI\ClienteJiraAPI.csproj", "{EA15A9E1-48FA-472D-9C46-4C41E96D9A55}"
EndProject
Project("{9A19103F-16F7-4668-BE54-9A1E7A4F7556}") = "Repositorio", "..\Repositorio\Repositorio.csproj", "{A8E1AA91-DA5B-4716-BFC7-4523DF335061}"
EndProject
Project("{9A19103F-16F7-4668-BE54-9A1E7A4F7556}") = "AutomapperTeste", "..\AutomapperTeste\AutomapperTeste.csproj", "{58562580-F6D8-4B5A-8048-BAB7E740DE96}"
EndProject
Project("{FAE04EC0-301F-11D3-BF4B-00C04F79EFBC}") = "TesteConsole", "..\TesteConsole\TesteConsole.csproj", "{71A82EC3-CB76-4EFA-B71E-151C70F23141}"
EndProject
Global
	GlobalSection(SolutionConfigurationPlatforms) = preSolution
		Debug|Any CPU = Debug|Any CPU
		Release|Any CPU = Release|Any CPU
	EndGlobalSection
	GlobalSection(ProjectConfigurationPlatforms) = postSolution
		{D415A473-7674-43AD-9B38-DC70F7F92714}.Debug|Any CPU.ActiveCfg = Debug|Any CPU
		{D415A473-7674-43AD-9B38-DC70F7F92714}.Debug|Any CPU.Build.0 = Debug|Any CPU
		{D415A473-7674-43AD-9B38-DC70F7F92714}.Release|Any CPU.ActiveCfg = Release|Any CPU
		{D415A473-7674-43AD-9B38-DC70F7F92714}.Release|Any CPU.Build.0 = Release|Any CPU
		{C3155F44-804B-4826-B142-585379CC4D07}.Debug|Any CPU.ActiveCfg = Debug|Any CPU
		{C3155F44-804B-4826-B142-585379CC4D07}.Debug|Any CPU.Build.0 = Debug|Any CPU
		{C3155F44-804B-4826-B142-585379CC4D07}.Release|Any CPU.ActiveCfg = Release|Any CPU
		{C3155F44-804B-4826-B142-585379CC4D07}.Release|Any CPU.Build.0 = Release|Any CPU
		{EA15A9E1-48FA-472D-9C46-4C41E96D9A55}.Debug|Any CPU.ActiveCfg = Debug|Any CPU
		{EA15A9E1-48FA-472D-9C46-4C41E96D9A55}.Debug|Any CPU.Build.0 = Debug|Any CPU
		{EA15A9E1-48FA-472D-9C46-4C41E96D9A55}.Release|Any CPU.ActiveCfg = Release|Any CPU
		{EA15A9E1-48FA-472D-9C46-4C41E96D9A55}.Release|Any CPU.Build.0 = Release|Any CPU
		{A8E1AA91-DA5B-4716-BFC7-4523DF335061}.Debug|Any CPU.ActiveCfg = Debug|Any CPU
		{A8E1AA91-DA5B-4716-BFC7-4523DF335061}.Debug|Any CPU.Build.0 = Debug|Any CPU
		{A8E1AA91-DA5B-4716-BFC7-4523DF335061}.Release|Any CPU.ActiveCfg = Release|Any CPU
		{A8E1AA91-DA5B-4716-BFC7-4523DF335061}.Release|Any CPU.Build.0 = Release|Any CPU
		{58562580-F6D8-4B5A-8048-BAB7E740DE96}.Debug|Any CPU.ActiveCfg = Debug|Any CPU
		{58562580-F6D8-4B5A-8048-BAB7E740DE96}.Debug|Any CPU.Build.0 = Debug|Any CPU
		{58562580-F6D8-4B5A-8048-BAB7E740DE96}.Release|Any CPU.ActiveCfg = Release|Any CPU
		{58562580-F6D8-4B5A-8048-BAB7E740DE96}.Release|Any CPU.Build.0 = Release|Any CPU
		{71A82EC3-CB76-4EFA-B71E-151C70F23141}.Debug|Any CPU.ActiveCfg = Debug|Any CPU
		{71A82EC3-CB76-4EFA-B71E-151C70F23141}.Debug|Any CPU.Build.0 = Debug|Any CPU
		{71A82EC3-CB76-4EFA-B71E-151C70F23141}.Release|Any CPU.ActiveCfg = Release|Any CPU
		{71A82EC3-CB76-4EFA-B71E-151C70F23141}.Release|Any CPU.Build.0 = Release|Any CPU
	EndGlobalSection
	GlobalSection(SolutionProperties) = preSolution
		HideSolutionNode = FALSE
	EndGlobalSection
	GlobalSection(ExtensibilityGlobals) = postSolution
		SolutionGuid = {3079B322-6DEC-449C-8A1A-85826402415E}
	EndGlobalSection
EndGlobal
